# This file is automatically @generated by Cargo.
# It is not intended for manual editing.
version = 4

[[package]]
name = "allocator-api2"
version = "0.2.21"
source = "registry+https://github.com/rust-lang/crates.io-index"
checksum = "683d7910e743518b0e34f1186f92494becacb047c7b6bf616c96772180fef923"

[[package]]
name = "autocfg"
version = "1.4.0"
source = "registry+https://github.com/rust-lang/crates.io-index"
checksum = "ace50bade8e6234aa140d9a2f552bbee1db4d353f69b8217bc503490fc1a9f26"

[[package]]
name = "bitflags"
version = "2.9.0"
source = "registry+https://github.com/rust-lang/crates.io-index"
checksum = "5c8214115b7bf84099f1309324e63141d4c5d7cc26862f97a0a857dbefe165bd"

[[package]]
name = "capacity"
version = "0.1.2"
source = "registry+https://github.com/rust-lang/crates.io-index"
checksum = "a937871bdde7e8bdde7eb5029a96b425b19eaedb32b119d9a677436117ebb144"

[[package]]
name = "cfg-if"
version = "1.0.0"
source = "registry+https://github.com/rust-lang/crates.io-index"
checksum = "baf1de4339761588bc0619e3cbc0120ee582ebb74b53b4efbf79117bd2da40fd"

[[package]]
name = "equivalent"
version = "1.0.2"
source = "registry+https://github.com/rust-lang/crates.io-index"
checksum = "877a4ace8713b0bcf2a4e7eec82529c029f1d0619886d18145fea96c3ffe5c0f"

[[package]]
name = "foldhash"
version = "0.1.4"
source = "registry+https://github.com/rust-lang/crates.io-index"
checksum = "a0d2fde1f7b3d48b8395d5f2de76c18a528bd6a9cdde438df747bfcba3e05d6f"

[[package]]
name = "hashbrown"
version = "0.15.2"
source = "registry+https://github.com/rust-lang/crates.io-index"
checksum = "bf151400ff0baff5465007dd2f3e717f3fe502074ca563069ce3a6629d07b289"
dependencies = [
 "allocator-api2",
 "equivalent",
 "foldhash",
]

[[package]]
name = "io-uring"
version = "0.7.4"
source = "registry+https://github.com/rust-lang/crates.io-index"
checksum = "ab01638bb6a279897b7691f87f3f3c232451711fd419a69ced980ce61074fa46"
dependencies = [
 "bitflags",
 "cfg-if",
 "libc",
]

[[package]]
name = "io-uring-bearer"
version = "0.2.0-pre3"
dependencies = [
 "capacity",
 "hashbrown",
 "io-uring",
 "io-uring-fd",
 "io-uring-opcode",
 "io-uring-owner",
 "libc",
 "nohash-hasher",
 "slab",
 "slabbable",
 "slabbable-impl-selector",
]

[[package]]
name = "io-uring-fd"
version = "0.2.0-pre1"

[[package]]
name = "io-uring-op-accept-multi"
version = "0.0.1"
dependencies = [
 "capacity",
 "io-uring",
 "io-uring-bearer",
 "io-uring-fd",
 "io-uring-opcode",
 "io-uring-owner",
 "libc",
 "ysockaddr",
]

[[package]]
name = "io-uring-op-connect"
version = "0.0.1"
dependencies = [
 "capacity",
 "io-uring",
 "io-uring-bearer",
 "io-uring-fd",
 "io-uring-opcode",
 "io-uring-owner",
 "libc",
 "ysockaddr",
]

[[package]]
name = "io-uring-op-socket"
version = "0.0.1"
dependencies = [
 "capacity",
 "io-uring",
 "io-uring-bearer",
 "io-uring-fd",
 "io-uring-opcode",
 "io-uring-owner",
 "libc",
 "ysockaddr",
]

[[package]]
name = "io-uring-opcode"
version = "0.2.0-pre3"
dependencies = [
 "io-uring",
 "io-uring-owner",
 "libc",
 "ysockaddr",
]

[[package]]
name = "io-uring-opcode-sets"
version = "0.0.1-whatever0"
dependencies = [
 "io-uring",
 "io-uring-op-connect",
 "io-uring-op-socket",
 "io-uring-opcode",
 "io-uring-owner",
]

[[package]]
name = "io-uring-owner"
version = "0.2.0-pre1"

[[package]]
name = "libc"
version = "0.2.170"
source = "registry+https://github.com/rust-lang/crates.io-index"
checksum = "875b3680cb2f8f71bdcf9a30f38d48282f5d3c95cbf9b3fa57269bb5d5c06828"

[[package]]
name = "lock_api"
version = "0.4.13"
source = "registry+https://github.com/rust-lang/crates.io-index"
checksum = "96936507f153605bddfcda068dd804796c84324ed2510809e5b2a624c81da765"
dependencies = [
 "autocfg",
 "scopeguard",
]

[[package]]
name = "no-std-compat"
version = "0.2.0"
source = "registry+https://github.com/rust-lang/crates.io-index"
checksum = "df270209a7f04d62459240d890ecb792714d5db12c92937823574a09930276b4"

[[package]]
name = "nohash-hasher"
version = "0.2.0"
source = "registry+https://github.com/rust-lang/crates.io-index"
checksum = "2bf50223579dc7cdcfb3bfcacf7069ff68243f8c363f62ffa99cf000a6b9c451"

[[package]]
name = "parking_lot"
version = "0.12.4"
source = "registry+https://github.com/rust-lang/crates.io-index"
checksum = "70d58bf43669b5795d1576d0641cfb6fbb2057bf629506267a92807158584a13"
dependencies = [
 "lock_api",
 "parking_lot_core",
]

[[package]]
name = "parking_lot_core"
version = "0.9.11"
source = "registry+https://github.com/rust-lang/crates.io-index"
checksum = "bc838d2a56b5b1a6c25f55575dfc605fabb63bb2365f6c2353ef9159aa69e4a5"
dependencies = [
 "cfg-if",
 "libc",
 "redox_syscall",
 "smallvec",
 "windows-targets",
]

[[package]]
name = "pin-project"
version = "1.1.10"
source = "registry+https://github.com/rust-lang/crates.io-index"
checksum = "677f1add503faace112b9f1373e43e9e054bfdd22ff1a63c1bc485eaec6a6a8a"
dependencies = [
 "pin-project-internal",
]

[[package]]
name = "pin-project-internal"
version = "1.1.10"
source = "registry+https://github.com/rust-lang/crates.io-index"
checksum = "6e918e4ff8c4549eb882f14b3a4bc8c8bc93de829416eacf579f1207a8fbf861"
dependencies = [
 "proc-macro2",
 "quote",
 "syn",
]

[[package]]
name = "proc-macro2"
version = "1.0.95"
source = "registry+https://github.com/rust-lang/crates.io-index"
checksum = "02b3e5e68a3a1a02aad3ec490a98007cbc13c37cbe84a3cd7b8e406d76e7f778"
dependencies = [
 "unicode-ident",
]

[[package]]
name = "quote"
version = "1.0.40"
source = "registry+https://github.com/rust-lang/crates.io-index"
checksum = "1885c039570dc00dcb4ff087a89e185fd56bae234ddc7f056a945bf36467248d"
dependencies = [
 "proc-macro2",
]

[[package]]
name = "redox_syscall"
version = "0.5.13"
source = "registry+https://github.com/rust-lang/crates.io-index"
checksum = "0d04b7d0ee6b4a0207a0a7adb104d23ecb0b47d6beae7152d0fa34b692b29fd6"
dependencies = [
 "bitflags",
]

[[package]]
name = "scopeguard"
version = "1.2.0"
source = "registry+https://github.com/rust-lang/crates.io-index"
checksum = "94143f37725109f92c262ed2cf5e59bce7498c01bcc1502d7b9afe439a4e9f49"

[[package]]
name = "slab"
version = "0.4.9"
source = "registry+https://github.com/rust-lang/crates.io-index"
checksum = "8f92a496fb766b417c996b9c5e57daf2f7ad3b0bebe1ccfca4856390e3d3bb67"
dependencies = [
 "autocfg",
]

[[package]]
name = "slabbable"
version = "0.1.0"

[[package]]
name = "slabbable-hash"
version = "0.1.0"
dependencies = [
 "hashbrown",
 "nohash-hasher",
 "slabbable",
]

[[package]]
name = "slabbable-impl-selector"
version = "0.1.0"
dependencies = [
 "cfg-if",
 "slabbable-hash",
 "slabbable-slab",
 "slabbable-stablevec",
]

[[package]]
name = "slabbable-slab"
version = "0.1.0"
dependencies = [
 "slab",
 "slabbable",
]

[[package]]
name = "slabbable-stablevec"
version = "0.1.0"
dependencies = [
 "slabbable",
 "stable-vec",
]

[[package]]
name = "smallvec"
version = "1.15.1"
source = "registry+https://github.com/rust-lang/crates.io-index"
checksum = "67b1b7a3b5fe4f1376887184045fcf45c69e92af734b7aaddc05fb777b6fbd03"

[[package]]
name = "stable-vec"
version = "0.4.1"
source = "registry+https://github.com/rust-lang/crates.io-index"
checksum = "d1dff32a2ce087283bec878419027cebd888760d8760b2941ad0843531dc9ec8"
dependencies = [
 "no-std-compat",
]

[[package]]
name = "syn"
version = "2.0.104"
source = "registry+https://github.com/rust-lang/crates.io-index"
checksum = "17b6f705963418cdb9927482fa304bc562ece2fdd4f616084c50b7023b435a40"
dependencies = [
 "proc-macro2",
 "quote",
 "unicode-ident",
]

[[package]]
name = "thingbuf"
version = "0.1.6"
source = "registry+https://github.com/rust-lang/crates.io-index"
checksum = "662b54ef6f7b4e71f683dadc787bbb2d8e8ef2f91b682ebed3164a5a7abca905"
dependencies = [
 "parking_lot",
 "pin-project",
]

[[package]]
name = "unicode-ident"
version = "1.0.18"
source = "registry+https://github.com/rust-lang/crates.io-index"
checksum = "5a5f39404a5da50712a4c1eecf25e90dd62b613502b7e925fd4e4d19b5c96512"

[[package]]
name = "windows-targets"
version = "0.52.6"
source = "registry+https://github.com/rust-lang/crates.io-index"
checksum = "9b724f72796e036ab90c1021d4780d4d3d648aca59e491e6b98e725b84e99973"
dependencies = [
 "windows_aarch64_gnullvm",
 "windows_aarch64_msvc",
 "windows_i686_gnu",
 "windows_i686_gnullvm",
 "windows_i686_msvc",
 "windows_x86_64_gnu",
 "windows_x86_64_gnullvm",
 "windows_x86_64_msvc",
]

[[package]]
name = "windows_aarch64_gnullvm"
version = "0.52.6"
source = "registry+https://github.com/rust-lang/crates.io-index"
checksum = "32a4622180e7a0ec044bb555404c800bc9fd9ec262ec147edd5989ccd0c02cd3"

[[package]]
name = "windows_aarch64_msvc"
version = "0.52.6"
source = "registry+https://github.com/rust-lang/crates.io-index"
checksum = "09ec2a7bb152e2252b53fa7803150007879548bc709c039df7627cabbd05d469"

[[package]]
name = "windows_i686_gnu"
version = "0.52.6"
source = "registry+https://github.com/rust-lang/crates.io-index"
checksum = "8e9b5ad5ab802e97eb8e295ac6720e509ee4c243f69d781394014ebfe8bbfa0b"

[[package]]
name = "windows_i686_gnullvm"
version = "0.52.6"
source = "registry+https://github.com/rust-lang/crates.io-index"
checksum = "0eee52d38c090b3caa76c563b86c3a4bd71ef1a819287c19d586d7334ae8ed66"

[[package]]
name = "windows_i686_msvc"
version = "0.52.6"
source = "registry+https://github.com/rust-lang/crates.io-index"
checksum = "240948bc05c5e7c6dabba28bf89d89ffce3e303022809e73deaefe4f6ec56c66"

[[package]]
name = "windows_x86_64_gnu"
version = "0.52.6"
source = "registry+https://github.com/rust-lang/crates.io-index"
checksum = "147a5c80aabfbf0c7d901cb5895d1de30ef2907eb21fbbab29ca94c5b08b1a78"

[[package]]
name = "windows_x86_64_gnullvm"
version = "0.52.6"
source = "registry+https://github.com/rust-lang/crates.io-index"
checksum = "24d5b23dc417412679681396f2b49f3de8c1473deb516bd34410872eff51ed0d"

[[package]]
name = "windows_x86_64_msvc"
version = "0.52.6"
source = "registry+https://github.com/rust-lang/crates.io-index"
checksum = "589f6da84c646204747d1270a2a5661ea66ed1cced2631d546fdfb155959f9ec"

[[package]]
name = "yaoi"
version = "0.0.0-scratch0"
dependencies = [
 "capacity",
 "hashbrown",
 "io-uring-bearer",
 "io-uring-op-accept-multi",
 "io-uring-op-connect",
 "io-uring-op-socket",
 "io-uring-opcode",
 "io-uring-opcode-sets",
 "io-uring-owner",
 "libc",
 "nohash-hasher",
 "thingbuf",
 "ysockaddr",
]

[[package]]
name = "ysockaddr"
version = "0.2.0"
source = "registry+https://github.com/rust-lang/crates.io-index"
checksum = "b87904a3c72b3ab98375fb4bb5057819c66db2d081f2aa30b36a81e982f10253"
dependencies = [
 "libc",
]
